// !$*UTF8*$!
{
	archiveVersion = 1;
	classes = {
	};
	objectVersion = 77;
	objects = {

/* Begin PBXBuildFile section */
		05D5FD392E85D62A007C915B /* FirebaseAnalytics in Frameworks */ = {isa = PBXBuildFile; productRef = 05D5FD382E85D62A007C915B /* FirebaseAnalytics */; };
		05D5FD3B2E85D62A007C915B /* FirebaseAuth in Frameworks */ = {isa = PBXBuildFile; productRef = 05D5FD3A2E85D62A007C915B /* FirebaseAuth */; };
		05FD85B62E85E3F80055CAC7 /* FirebaseFirestore in Frameworks */ = {isa = PBXBuildFile; productRef = 05FD85B52E85E3F80055CAC7 /* FirebaseFirestore */; };
		05FD85B82E85E4700055CAC7 /* FirebaseFirestoreCombine-Community in Frameworks */ = {isa = PBXBuildFile; productRef = 05FD85B72E85E4700055CAC7 /* FirebaseFirestoreCombine-Community */; };
		90222DD92EDA737200F5F2F2 /* FirebaseStorage in Frameworks */ = {isa = PBXBuildFile; productRef = 90222DD82EDA737200F5F2F2 /* FirebaseStorage */; };
/* End PBXBuildFile section */

/* Begin PBXContainerItemProxy section */
		052214B02E85D12A00D791DA /* PBXContainerItemProxy */ = {
			isa = PBXContainerItemProxy;
			containerPortal = 052214942E85D12900D791DA /* Project object */;
			proxyType = 1;
			remoteGlobalIDString = 0522149B2E85D12900D791DA;
			remoteInfo = FirstStride;
		};
		052214BA2E85D12A00D791DA /* PBXContainerItemProxy */ = {
			isa = PBXContainerItemProxy;
			containerPortal = 052214942E85D12900D791DA /* Project object */;
			proxyType = 1;
			remoteGlobalIDString = 0522149B2E85D12900D791DA;
			remoteInfo = FirstStride;
		};
/* End PBXContainerItemProxy section */

/* Begin PBXFileReference section */
		0522149C2E85D12900D791DA /* FirstStride.app */ = {isa = PBXFileReference; explicitFileType = wrapper.application; includeInIndex = 0; path = FirstStride.app; sourceTree = BUILT_PRODUCTS_DIR; };
		052214AF2E85D12A00D791DA /* FirstStrideTests.xctest */ = {isa = PBXFileReference; explicitFileType = wrapper.cfbundle; includeInIndex = 0; path = FirstStrideTests.xctest; sourceTree = BUILT_PRODUCTS_DIR; };
		052214B92E85D12A00D791DA /* FirstStrideUITests.xctest */ = {isa = PBXFileReference; explicitFileType = wrapper.cfbundle; includeInIndex = 0; path = FirstStrideUITests.xctest; sourceTree = BUILT_PRODUCTS_DIR; };
		301823932E91FB6C00BD7928 /* FirstStride.xcodeproj */ = {isa = PBXFileReference; lastKnownFileType = "wrapper.pb-project"; path = FirstStride.xcodeproj; sourceTree = "<group>"; };
		303190632EDE9DDC003E65B7 /* FirstStride.xcodeproj */ = {isa = PBXFileReference; lastKnownFileType = "wrapper.pb-project"; path = FirstStride.xcodeproj; sourceTree = "<group>"; };
		3060AEFB2E99E8410080D716 /* FirstStride.xcodeproj */ = {isa = PBXFileReference; lastKnownFileType = "wrapper.pb-project"; path = FirstStride.xcodeproj; sourceTree = "<group>"; };
		30D88E8B2EDD4A0B00720C30 /* FirstStride.xcodeproj */ = {isa = PBXFileReference; lastKnownFileType = "wrapper.pb-project"; path = FirstStride.xcodeproj; sourceTree = "<group>"; };
/* End PBXFileReference section */

/* Begin PBXFileSystemSynchronizedRootGroup section */
		0522149E2E85D12900D791DA /* FirstStride */ = {
			isa = PBXFileSystemSynchronizedRootGroup;
			path = FirstStride;
			sourceTree = "<group>";
		};
		052214B22E85D12A00D791DA /* FirstStrideTests */ = {
			isa = PBXFileSystemSynchronizedRootGroup;
			path = FirstStrideTests;
			sourceTree = "<group>";
		};
		052214BC2E85D12A00D791DA /* FirstStrideUITests */ = {
			isa = PBXFileSystemSynchronizedRootGroup;
			path = FirstStrideUITests;
			sourceTree = "<group>";
		};
/* End PBXFileSystemSynchronizedRootGroup section */

/* Begin PBXFrameworksBuildPhase section */
		052214992E85D12900D791DA /* Frameworks */ = {
			isa = PBXFrameworksBuildPhase;
			buildActionMask = 2147483647;
			files = (
				05D5FD392E85D62A007C915B /* FirebaseAnalytics in Frameworks */,
				05FD85B82E85E4700055CAC7 /* FirebaseFirestoreCombine-Community in Frameworks */,
				05D5FD3B2E85D62A007C915B /* FirebaseAuth in Frameworks */,
				90222DD92EDA737200F5F2F2 /* FirebaseStorage in Frameworks */,
				05FD85B62E85E3F80055CAC7 /* FirebaseFirestore in Frameworks */,
			);
			runOnlyForDeploymentPostprocessing = 0;
		};
		052214AC2E85D12A00D791DA /* Frameworks */ = {
			isa = PBXFrameworksBuildPhase;
			buildActionMask = 2147483647;
			files = (
			);
			runOnlyForDeploymentPostprocessing = 0;
		};
		052214B62E85D12A00D791DA /* Frameworks */ = {
			isa = PBXFrameworksBuildPhase;
			buildActionMask = 2147483647;
			files = (
			);
			runOnlyForDeploymentPostprocessing = 0;
		};
/* End PBXFrameworksBuildPhase section */

/* Begin PBXGroup section */
		052214932E85D12900D791DA = {
			isa = PBXGroup;
			children = (
				0522149E2E85D12900D791DA /* FirstStride */,
				052214B22E85D12A00D791DA /* FirstStrideTests */,
				052214BC2E85D12A00D791DA /* FirstStrideUITests */,
				05D5FD3C2E85D7DD007C915B /* Frameworks */,
				0522149D2E85D12900D791DA /* Products */,
			);
			sourceTree = "<group>";
		};
		0522149D2E85D12900D791DA /* Products */ = {
			isa = PBXGroup;
			children = (
				0522149C2E85D12900D791DA /* FirstStride.app */,
				052214AF2E85D12A00D791DA /* FirstStrideTests.xctest */,
				052214B92E85D12A00D791DA /* FirstStrideUITests.xctest */,
			);
			name = Products;
			sourceTree = "<group>";
		};
		05D5FD3C2E85D7DD007C915B /* Frameworks */ = {
			isa = PBXGroup;
			children = (
			);
			name = Frameworks;
			sourceTree = "<group>";
		};
		3018239E2E91FB6C00BD7928 /* Products */ = {
			isa = PBXGroup;
			name = Products;
			sourceTree = "<group>";
		};
		303190732EDE9DDC003E65B7 /* Products */ = {
			isa = PBXGroup;
			name = Products;
			sourceTree = "<group>";
		};
		3060AF082E99E8410080D716 /* Products */ = {
			isa = PBXGroup;
			name = Products;
			sourceTree = "<group>";
		};
		30D88E9A2EDD4A0B00720C30 /* Products */ = {
			isa = PBXGroup;
			name = Products;
			sourceTree = "<group>";
		};
/* End PBXGroup section */

/* Begin PBXNativeTarget section */
		0522149B2E85D12900D791DA /* FirstStride */ = {
			isa = PBXNativeTarget;
			buildConfigurationList = 052214C32E85D12A00D791DA /* Build configuration list for PBXNativeTarget "FirstStride" */;
			buildPhases = (
				052214982E85D12900D791DA /* Sources */,
				052214992E85D12900D791DA /* Frameworks */,
				0522149A2E85D12900D791DA /* Resources */,
			);
			buildRules = (
			);
			dependencies = (
			);
			fileSystemSynchronizedGroups = (
				0522149E2E85D12900D791DA /* FirstStride */,
			);
			name = FirstStride;
			packageProductDependencies = (
				05D5FD382E85D62A007C915B /* FirebaseAnalytics */,
				05D5FD3A2E85D62A007C915B /* FirebaseAuth */,
				05FD85B52E85E3F80055CAC7 /* FirebaseFirestore */,
				05FD85B72E85E4700055CAC7 /* FirebaseFirestoreCombine-Community */,
				90222DD82EDA737200F5F2F2 /* FirebaseStorage */,
			);
			productName = FirstStride;
			productReference = 0522149C2E85D12900D791DA /* FirstStride.app */;
			productType = "com.apple.product-type.application";
		};
		052214AE2E85D12A00D791DA /* FirstStrideTests */ = {
			isa = PBXNativeTarget;
			buildConfigurationList = 052214C62E85D12A00D791DA /* Build configuration list for PBXNativeTarget "FirstStrideTests" */;
			buildPhases = (
				052214AB2E85D12A00D791DA /* Sources */,
				052214AC2E85D12A00D791DA /* Frameworks */,
				052214AD2E85D12A00D791DA /* Resources */,
			);
			buildRules = (
			);
			dependencies = (
				052214B12E85D12A00D791DA /* PBXTargetDependency */,
			);
			fileSystemSynchronizedGroups = (
				052214B22E85D12A00D791DA /* FirstStrideTests */,
			);
			name = FirstStrideTests;
			packageProductDependencies = (
			);
			productName = FirstStrideTests;
			productReference = 052214AF2E85D12A00D791DA /* FirstStrideTests.xctest */;
			productType = "com.apple.product-type.bundle.unit-test";
		};
		052214B82E85D12A00D791DA /* FirstStrideUITests */ = {
			isa = PBXNativeTarget;
			buildConfigurationList = 052214C92E85D12A00D791DA /* Build configuration list for PBXNativeTarget "FirstStrideUITests" */;
			buildPhases = (
				052214B52E85D12A00D791DA /* Sources */,
				052214B62E85D12A00D791DA /* Frameworks */,
				052214B72E85D12A00D791DA /* Resources */,
			);
			buildRules = (
			);
			dependencies = (
				052214BB2E85D12A00D791DA /* PBXTargetDependency */,
			);
			fileSystemSynchronizedGroups = (
				052214BC2E85D12A00D791DA /* FirstStrideUITests */,
			);
			name = FirstStrideUITests;
			packageProductDependencies = (
			);
			productName = FirstStrideUITests;
			productReference = 052214B92E85D12A00D791DA /* FirstStrideUITests.xctest */;
			productType = "com.apple.product-type.bundle.ui-testing";
		};
/* End PBXNativeTarget section */

/* Begin PBXProject section */
		052214942E85D12900D791DA /* Project object */ = {
			isa = PBXProject;
			attributes = {
				BuildIndependentTargetsInParallel = 1;
				LastSwiftUpdateCheck = 1620;
				LastUpgradeCheck = 1620;
				TargetAttributes = {
					0522149B2E85D12900D791DA = {
						CreatedOnToolsVersion = 16.2;
					};
					052214AE2E85D12A00D791DA = {
						CreatedOnToolsVersion = 16.2;
						TestTargetID = 0522149B2E85D12900D791DA;
					};
					052214B82E85D12A00D791DA = {
						CreatedOnToolsVersion = 16.2;
						TestTargetID = 0522149B2E85D12900D791DA;
					};
				};
			};
			buildConfigurationList = 052214972E85D12900D791DA /* Build configuration list for PBXProject "FirstStride" */;
			developmentRegion = en;
			hasScannedForEncodings = 0;
			knownRegions = (
				en,
				Base,
			);
			mainGroup = 052214932E85D12900D791DA;
			minimizedProjectReferenceProxies = 1;
			packageReferences = (
				05D5FD372E85D62A007C915B /* XCRemoteSwiftPackageReference "firebase-ios-sdk" */,
			);
			preferredProjectObjectVersion = 77;
			productRefGroup = 0522149D2E85D12900D791DA /* Products */;
			projectDirPath = "";
			projectReferences = (
				{
					ProductGroup = 30D88E9A2EDD4A0B00720C30 /* Products */;
					ProjectRef = 30D88E8B2EDD4A0B00720C30 /* FirstStride.xcodeproj */;
				},
				{
					ProductGroup = 3018239E2E91FB6C00BD7928 /* Products */;
					ProjectRef = 301823932E91FB6C00BD7928 /* FirstStride.xcodeproj */;
				},
				{
					ProductGroup = 3060AF082E99E8410080D716 /* Products */;
					ProjectRef = 3060AEFB2E99E8410080D716 /* FirstStride.xcodeproj */;
				},
				{
					ProductGroup = 303190732EDE9DDC003E65B7 /* Products */;
					ProjectRef = 303190632EDE9DDC003E65B7 /* FirstStride.xcodeproj */;
				},
			);
			projectRoot = "";
			targets = (
				0522149B2E85D12900D791DA /* FirstStride */,
				052214AE2E85D12A00D791DA /* FirstStrideTests */,
				052214B82E85D12A00D791DA /* FirstStrideUITests */,
			);
		};
/* End PBXProject section */

/* Begin PBXResourcesBuildPhase section */
		0522149A2E85D12900D791DA /* Resources */ = {
			isa = PBXResourcesBuildPhase;
			buildActionMask = 2147483647;
			files = (
			);
			runOnlyForDeploymentPostprocessing = 0;
		};
		052214AD2E85D12A00D791DA /* Resources */ = {
			isa = PBXResourcesBuildPhase;
			buildActionMask = 2147483647;
			files = (
			);
			runOnlyForDeploymentPostprocessing = 0;
		};
		052214B72E85D12A00D791DA /* Resources */ = {
			isa = PBXResourcesBuildPhase;
			buildActionMask = 2147483647;
			files = (
			);
			runOnlyForDeploymentPostprocessing = 0;
		};
/* End PBXResourcesBuildPhase section */

/* Begin PBXSourcesBuildPhase section */
		052214982E85D12900D791DA /* Sources */ = {
			isa = PBXSourcesBuildPhase;
			buildActionMask = 2147483647;
			files = (
			);
			runOnlyForDeploymentPostprocessing = 0;
		};
		052214AB2E85D12A00D791DA /* Sources */ = {
			isa = PBXSourcesBuildPhase;
			buildActionMask = 2147483647;
			files = (
			);
			runOnlyForDeploymentPostprocessing = 0;
		};
		052214B52E85D12A00D791DA /* Sources */ = {
			isa = PBXSourcesBuildPhase;
			buildActionMask = 2147483647;
			files = (
			);
			runOnlyForDeploymentPostprocessing = 0;
		};
/* End PBXSourcesBuildPhase section */

/* Begin PBXTargetDependency section */
		052214B12E85D12A00D791DA /* PBXTargetDependency */ = {
			isa = PBXTargetDependency;
			target = 0522149B2E85D12900D791DA /* FirstStride */;
			targetProxy = 052214B02E85D12A00D791DA /* PBXContainerItemProxy */;
		};
		052214BB2E85D12A00D791DA /* PBXTargetDependency */ = {
			isa = PBXTargetDependency;
			target = 0522149B2E85D12900D791DA /* FirstStride */;
			targetProxy = 052214BA2E85D12A00D791DA /* PBXContainerItemProxy */;
		};
/* End PBXTargetDependency section */

/* Begin XCBuildConfiguration section */
		052214C12E85D12A00D791DA /* Debug */ = {
			isa = XCBuildConfiguration;
			buildSettings = {
				ALWAYS_SEARCH_USER_PATHS = NO;
				ASSETCATALOG_COMPILER_GENERATE_SWIFT_ASSET_SYMBOL_EXTENSIONS = YES;
				CLANG_ANALYZER_NONNULL = YES;
				CLANG_ANALYZER_NUMBER_OBJECT_CONVERSION = YES_AGGRESSIVE;
				CLANG_CXX_LANGUAGE_STANDARD = "gnu++20";
				CLANG_ENABLE_MODULES = YES;
				CLANG_ENABLE_OBJC_ARC = YES;
				CLANG_ENABLE_OBJC_WEAK = YES;
				CLANG_WARN_BLOCK_CAPTURE_AUTORELEASING = YES;
				CLANG_WARN_BOOL_CONVERSION = YES;
				CLANG_WARN_COMMA = YES;
				CLANG_WARN_CONSTANT_CONVERSION = YES;
				CLANG_WARN_DEPRECATED_OBJC_IMPLEMENTATIONS = YES;
				CLANG_WARN_DIRECT_OBJC_ISA_USAGE = YES_ERROR;
				CLANG_WARN_DOCUMENTATION_COMMENTS = YES;
				CLANG_WARN_EMPTY_BODY = YES;
				CLANG_WARN_ENUM_CONVERSION = YES;
				CLANG_WARN_INFINITE_RECURSION = YES;
				CLANG_WARN_INT_CONVERSION = YES;
				CLANG_WARN_NON_LITERAL_NULL_CONVERSION = YES;
				CLANG_WARN_OBJC_IMPLICIT_RETAIN_SELF = YES;
				CLANG_WARN_OBJC_LITERAL_CONVERSION = YES;
				CLANG_WARN_OBJC_ROOT_CLASS = YES_ERROR;
				CLANG_WARN_QUOTED_INCLUDE_IN_FRAMEWORK_HEADER = YES;
				CLANG_WARN_RANGE_LOOP_ANALYSIS = YES;
				CLANG_WARN_STRICT_PROTOTYPES = YES;
				CLANG_WARN_SUSPICIOUS_MOVE = YES;
				CLANG_WARN_UNGUARDED_AVAILABILITY = YES_AGGRESSIVE;
				CLANG_WARN_UNREACHABLE_CODE = YES;
				CLANG_WARN__DUPLICATE_METHOD_MATCH = YES;
				COPY_PHASE_STRIP = NO;
				DEBUG_INFORMATION_FORMAT = dwarf;
				ENABLE_STRICT_OBJC_MSGSEND = YES;
				ENABLE_TESTABILITY = YES;
				ENABLE_USER_SCRIPT_SANDBOXING = YES;
				GCC_C_LANGUAGE_STANDARD = gnu17;
				GCC_DYNAMIC_NO_PIC = NO;
				GCC_NO_COMMON_BLOCKS = YES;
				GCC_OPTIMIZATION_LEVEL = 0;
				GCC_PREPROCESSOR_DEFINITIONS = (
					"DEBUG=1",
					"$(inherited)",
				);
				GCC_WARN_64_TO_32_BIT_CONVERSION = YES;
				GCC_WARN_ABOUT_RETURN_TYPE = YES_ERROR;
				GCC_WARN_UNDECLARED_SELECTOR = YES;
				GCC_WARN_UNINITIALIZED_AUTOS = YES_AGGRESSIVE;
				GCC_WARN_UNUSED_FUNCTION = YES;
				GCC_WARN_UNUSED_VARIABLE = YES;
				IPHONEOS_DEPLOYMENT_TARGET = 15.6;
				LOCALIZATION_PREFERS_STRING_CATALOGS = YES;
				MTL_ENABLE_DEBUG_INFO = INCLUDE_SOURCE;
				MTL_FAST_MATH = YES;
				ONLY_ACTIVE_ARCH = YES;
				SUPPORTED_PLATFORMS = "iphonesimulator iphoneos";
				SWIFT_ACTIVE_COMPILATION_CONDITIONS = "DEBUG $(inherited)";
				SWIFT_OPTIMIZATION_LEVEL = "-Onone";
			};
			name = Debug;
		};
		052214C22E85D12A00D791DA /* Release */ = {
			isa = XCBuildConfiguration;
			buildSettings = {
				ALWAYS_SEARCH_USER_PATHS = NO;
				ASSETCATALOG_COMPILER_GENERATE_SWIFT_ASSET_SYMBOL_EXTENSIONS = YES;
				CLANG_ANALYZER_NONNULL = YES;
				CLANG_ANALYZER_NUMBER_OBJECT_CONVERSION = YES_AGGRESSIVE;
				CLANG_CXX_LANGUAGE_STANDARD = "gnu++20";
				CLANG_ENABLE_MODULES = YES;
				CLANG_ENABLE_OBJC_ARC = YES;
				CLANG_ENABLE_OBJC_WEAK = YES;
				CLANG_WARN_BLOCK_CAPTURE_AUTORELEASING = YES;
				CLANG_WARN_BOOL_CONVERSION = YES;
				CLANG_WARN_COMMA = YES;
				CLANG_WARN_CONSTANT_CONVERSION = YES;
				CLANG_WARN_DEPRECATED_OBJC_IMPLEMENTATIONS = YES;
				CLANG_WARN_DIRECT_OBJC_ISA_USAGE = YES_ERROR;
				CLANG_WARN_DOCUMENTATION_COMMENTS = YES;
				CLANG_WARN_EMPTY_BODY = YES;
				CLANG_WARN_ENUM_CONVERSION = YES;
				CLANG_WARN_INFINITE_RECURSION = YES;
				CLANG_WARN_INT_CONVERSION = YES;
				CLANG_WARN_NON_LITERAL_NULL_CONVERSION = YES;
				CLANG_WARN_OBJC_IMPLICIT_RETAIN_SELF = YES;
				CLANG_WARN_OBJC_LITERAL_CONVERSION = YES;
				CLANG_WARN_OBJC_ROOT_CLASS = YES_ERROR;
				CLANG_WARN_QUOTED_INCLUDE_IN_FRAMEWORK_HEADER = YES;
				CLANG_WARN_RANGE_LOOP_ANALYSIS = YES;
				CLANG_WARN_STRICT_PROTOTYPES = YES;
				CLANG_WARN_SUSPICIOUS_MOVE = YES;
				CLANG_WARN_UNGUARDED_AVAILABILITY = YES_AGGRESSIVE;
				CLANG_WARN_UNREACHABLE_CODE = YES;
				CLANG_WARN__DUPLICATE_METHOD_MATCH = YES;
				COPY_PHASE_STRIP = NO;
				DEBUG_INFORMATION_FORMAT = "dwarf-with-dsym";
				ENABLE_NS_ASSERTIONS = NO;
				ENABLE_STRICT_OBJC_MSGSEND = YES;
				ENABLE_USER_SCRIPT_SANDBOXING = YES;
				GCC_C_LANGUAGE_STANDARD = gnu17;
				GCC_NO_COMMON_BLOCKS = YES;
				GCC_WARN_64_TO_32_BIT_CONVERSION = YES;
				GCC_WARN_ABOUT_RETURN_TYPE = YES_ERROR;
				GCC_WARN_UNDECLARED_SELECTOR = YES;
				GCC_WARN_UNINITIALIZED_AUTOS = YES_AGGRESSIVE;
				GCC_WARN_UNUSED_FUNCTION = YES;
				GCC_WARN_UNUSED_VARIABLE = YES;
				IPHONEOS_DEPLOYMENT_TARGET = 15.6;
				LOCALIZATION_PREFERS_STRING_CATALOGS = YES;
				MTL_ENABLE_DEBUG_INFO = NO;
				MTL_FAST_MATH = YES;
				SUPPORTED_PLATFORMS = "iphonesimulator iphoneos";
				SWIFT_COMPILATION_MODE = wholemodule;
			};
			name = Release;
		};
		052214C42E85D12A00D791DA /* Debug */ = {
			isa = XCBuildConfiguration;
			buildSettings = {
				ASSETCATALOG_COMPILER_APPICON_NAME = AppIcon;
				ASSETCATALOG_COMPILER_GLOBAL_ACCENT_COLOR_NAME = AccentColor;
				CODE_SIGN_ENTITLEMENTS = FirstStride/FirstStride.entitlements;
				"CODE_SIGN_IDENTITY[sdk=macosx*]" = "-";
				CODE_SIGN_STYLE = Automatic;
				CURRENT_PROJECT_VERSION = 1;
				DEVELOPMENT_ASSET_PATHS = "\"FirstStride/Preview Content\"";
				DEVELOPMENT_TEAM = B688PYRN38;
				ENABLE_PREVIEWS = YES;
				GENERATE_INFOPLIST_FILE = YES;
				"INFOPLIST_KEY_UIApplicationSceneManifest_Generation[sdk=iphoneos*]" = YES;
				"INFOPLIST_KEY_UIApplicationSceneManifest_Generation[sdk=iphonesimulator*]" = YES;
				"INFOPLIST_KEY_UIApplicationSupportsIndirectInputEvents[sdk=iphoneos*]" = YES;
				"INFOPLIST_KEY_UIApplicationSupportsIndirectInputEvents[sdk=iphonesimulator*]" = YES;
				"INFOPLIST_KEY_UILaunchScreen_Generation[sdk=iphoneos*]" = YES;
				"INFOPLIST_KEY_UILaunchScreen_Generation[sdk=iphonesimulator*]" = YES;
				"INFOPLIST_KEY_UIStatusBarStyle[sdk=iphoneos*]" = UIStatusBarStyleDefault;
				"INFOPLIST_KEY_UIStatusBarStyle[sdk=iphonesimulator*]" = UIStatusBarStyleDefault;
				INFOPLIST_KEY_UISupportedInterfaceOrientations_iPad = "UIInterfaceOrientationPortrait UIInterfaceOrientationPortraitUpsideDown UIInterfaceOrientationLandscapeLeft UIInterfaceOrientationLandscapeRight";
				INFOPLIST_KEY_UISupportedInterfaceOrientations_iPhone = "UIInterfaceOrientationPortrait UIInterfaceOrientationLandscapeLeft UIInterfaceOrientationLandscapeRight";
				IPHONEOS_DEPLOYMENT_TARGET = 17.0;
				LD_RUNPATH_SEARCH_PATHS = "@executable_path/Frameworks";
				"LD_RUNPATH_SEARCH_PATHS[sdk=macosx*]" = "@executable_path/../Frameworks";
				MACOSX_DEPLOYMENT_TARGET = 14.0;
				MARKETING_VERSION = 1.0;
				PRODUCT_BUNDLE_IDENTIFIER = com.yourorg.FirstStride.FirstStride;
				PRODUCT_NAME = "$(TARGET_NAME)";
				SDKROOT = iphoneos;
				SUPPORTED_PLATFORMS = "iphonesimulator iphoneos";
				SWIFT_EMIT_LOC_STRINGS = YES;
				SWIFT_VERSION = 5.0;
				TARGETED_DEVICE_FAMILY = "1,2,7";
				XROS_DEPLOYMENT_TARGET = 2.2;
			};
			name = Debug;
		};
		052214C52E85D12A00D791DA /* Release */ = {
			isa = XCBuildConfiguration;
			buildSettings = {
				ASSETCATALOG_COMPILER_APPICON_NAME = AppIcon;
				ASSETCATALOG_COMPILER_GLOBAL_ACCENT_COLOR_NAME = AccentColor;
				CODE_SIGN_ENTITLEMENTS = FirstStride/FirstStride.entitlements;
				"CODE_SIGN_IDENTITY[sdk=macosx*]" = "-";
				CODE_SIGN_STYLE = Automatic;
				CURRENT_PROJECT_VERSION = 1;
				DEVELOPMENT_ASSET_PATHS = "\"FirstStride/Preview Content\"";
				DEVELOPMENT_TEAM = B688PYRN38;
				ENABLE_PREVIEWS = YES;
				GENERATE_INFOPLIST_FILE = YES;
				"INFOPLIST_KEY_UIApplicationSceneManifest_Generation[sdk=iphoneos*]" = YES;
				"INFOPLIST_KEY_UIApplicationSceneManifest_Generation[sdk=iphonesimulator*]" = YES;
				"INFOPLIST_KEY_UIApplicationSupportsIndirectInputEvents[sdk=iphoneos*]" = YES;
				"INFOPLIST_KEY_UIApplicationSupportsIndirectInputEvents[sdk=iphonesimulator*]" = YES;
				"INFOPLIST_KEY_UILaunchScreen_Generation[sdk=iphoneos*]" = YES;
				"INFOPLIST_KEY_UILaunchScreen_Generation[sdk=iphonesimulator*]" = YES;
				"INFOPLIST_KEY_UIStatusBarStyle[sdk=iphoneos*]" = UIStatusBarStyleDefault;
				"INFOPLIST_KEY_UIStatusBarStyle[sdk=iphonesimulator*]" = UIStatusBarStyleDefault;
				INFOPLIST_KEY_UISupportedInterfaceOrientations_iPad = "UIInterfaceOrientationPortrait UIInterfaceOrientationPortraitUpsideDown UIInterfaceOrientationLandscapeLeft UIInterfaceOrientationLandscapeRight";
				INFOPLIST_KEY_UISupportedInterfaceOrientations_iPhone = "UIInterfaceOrientationPortrait UIInterfaceOrientationLandscapeLeft UIInterfaceOrientationLandscapeRight";
				IPHONEOS_DEPLOYMENT_TARGET = 17.0;
				LD_RUNPATH_SEARCH_PATHS = "@executable_path/Frameworks";
				"LD_RUNPATH_SEARCH_PATHS[sdk=macosx*]" = "@executable_path/../Frameworks";
				MACOSX_DEPLOYMENT_TARGET = 14.0;
				MARKETING_VERSION = 1.0;
				PRODUCT_BUNDLE_IDENTIFIER = com.yourorg.FirstStride.FirstStride;
				PRODUCT_NAME = "$(TARGET_NAME)";
				SDKROOT = iphoneos;
				SUPPORTED_PLATFORMS = "iphonesimulator iphoneos";
				SWIFT_EMIT_LOC_STRINGS = YES;
				SWIFT_VERSION = 5.0;
				TARGETED_DEVICE_FAMILY = "1,2,7";
				XROS_DEPLOYMENT_TARGET = 2.2;
			};
			name = Release;
		};
		052214C72E85D12A00D791DA /* Debug */ = {
			isa = XCBuildConfiguration;
			buildSettings = {
				BUNDLE_LOADER = "$(TEST_HOST)";
				CODE_SIGN_STYLE = Automatic;
				CURRENT_PROJECT_VERSION = 1;
				GENERATE_INFOPLIST_FILE = YES;
				IPHONEOS_DEPLOYMENT_TARGET = 18.2;
				MACOSX_DEPLOYMENT_TARGET = 15.2;
				MARKETING_VERSION = 1.0;
				PRODUCT_BUNDLE_IDENTIFIER = com.yourorg.FirstStride.FirstStrideTests;
				PRODUCT_NAME = "$(TARGET_NAME)";
				SDKROOT = auto;
				SUPPORTED_PLATFORMS = "iphoneos iphonesimulator macosx xros xrsimulator";
				SWIFT_EMIT_LOC_STRINGS = NO;
				SWIFT_VERSION = 5.0;
				TARGETED_DEVICE_FAMILY = "1,2,7";
				TEST_HOST = "$(BUILT_PRODUCTS_DIR)/FirstStride.app/$(BUNDLE_EXECUTABLE_FOLDER_PATH)/FirstStride";
				XROS_DEPLOYMENT_TARGET = 2.2;
			};
			name = Debug;
		};
		052214C82E85D12A00D791DA /* Release */ = {
			isa = XCBuildConfiguration;
			buildSettings = {
				BUNDLE_LOADER = "$(TEST_HOST)";
				CODE_SIGN_STYLE = Automatic;
				CURRENT_PROJECT_VERSION = 1;
				GENERATE_INFOPLIST_FILE = YES;
				IPHONEOS_DEPLOYMENT_TARGET = 18.2;
				MACOSX_DEPLOYMENT_TARGET = 15.2;
				MARKETING_VERSION = 1.0;
				PRODUCT_BUNDLE_IDENTIFIER = com.yourorg.FirstStride.FirstStrideTests;
				PRODUCT_NAME = "$(TARGET_NAME)";
				SDKROOT = auto;
				SUPPORTED_PLATFORMS = "iphoneos iphonesimulator macosx xros xrsimulator";
				SWIFT_EMIT_LOC_STRINGS = NO;
				SWIFT_VERSION = 5.0;
				TARGETED_DEVICE_FAMILY = "1,2,7";
				TEST_HOST = "$(BUILT_PRODUCTS_DIR)/FirstStride.app/$(BUNDLE_EXECUTABLE_FOLDER_PATH)/FirstStride";
				XROS_DEPLOYMENT_TARGET = 2.2;
			};
			name = Release;
		};
		052214CA2E85D12A00D791DA /* Debug */ = {
			isa = XCBuildConfiguration;
			buildSettings = {
				CODE_SIGN_STYLE = Automatic;
				CURRENT_PROJECT_VERSION = 1;
				GENERATE_INFOPLIST_FILE = YES;
				IPHONEOS_DEPLOYMENT_TARGET = 18.2;
				MACOSX_DEPLOYMENT_TARGET = 15.2;
				MARKETING_VERSION = 1.0;
				PRODUCT_BUNDLE_IDENTIFIER = com.yourorg.FirstStride.FirstStrideUITests;
				PRODUCT_NAME = "$(TARGET_NAME)";
				SDKROOT = auto;
				SUPPORTED_PLATFORMS = "iphoneos iphonesimulator macosx xros xrsimulator";
				SWIFT_EMIT_LOC_STRINGS = NO;
				SWIFT_VERSION = 5.0;
				TARGETED_DEVICE_FAMILY = "1,2,7";
				TEST_TARGET_NAME = FirstStride;
				XROS_DEPLOYMENT_TARGET = 2.2;
			};
			name = Debug;
		};
		052214CB2E85D12A00D791DA /* Release */ = {
			isa = XCBuildConfiguration;
			buildSettings = {
				CODE_SIGN_STYLE = Automatic;
				CURRENT_PROJECT_VERSION = 1;
				GENERATE_INFOPLIST_FILE = YES;
				IPHONEOS_DEPLOYMENT_TARGET = 18.2;
				MACOSX_DEPLOYMENT_TARGET = 15.2;
				MARKETING_VERSION = 1.0;
				PRODUCT_BUNDLE_IDENTIFIER = com.yourorg.FirstStride.FirstStrideUITests;
				PRODUCT_NAME = "$(TARGET_NAME)";
				SDKROOT = auto;
				SUPPORTED_PLATFORMS = "iphoneos iphonesimulator macosx xros xrsimulator";
				SWIFT_EMIT_LOC_STRINGS = NO;
				SWIFT_VERSION = 5.0;
				TARGETED_DEVICE_FAMILY = "1,2,7";
				TEST_TARGET_NAME = FirstStride;
				XROS_DEPLOYMENT_TARGET = 2.2;
			};
			name = Release;
		};
/* End XCBuildConfiguration section */

/* Begin XCConfigurationList section */
		052214972E85D12900D791DA /* Build configuration list for PBXProject "FirstStride" */ = {
			isa = XCConfigurationList;
			buildConfigurations = (
				052214C12E85D12A00D791DA /* Debug */,
				052214C22E85D12A00D791DA /* Release */,
			);
			defaultConfigurationIsVisible = 0;
			defaultConfigurationName = Release;
		};
		052214C32E85D12A00D791DA /* Build configuration list for PBXNativeTarget "FirstStride" */ = {
			isa = XCConfigurationList;
			buildConfigurations = (
				052214C42E85D12A00D791DA /* Debug */,
				052214C52E85D12A00D791DA /* Release */,
			);
			defaultConfigurationIsVisible = 0;
			defaultConfigurationName = Release;
		};
		052214C62E85D12A00D791DA /* Build configuration list for PBXNativeTarget "FirstStrideTests" */ = {
			isa = XCConfigurationList;
			buildConfigurations = (
				052214C72E85D12A00D791DA /* Debug */,
				052214C82E85D12A00D791DA /* Release */,
			);
			defaultConfigurationIsVisible = 0;
			defaultConfigurationName = Release;
		};
		052214C92E85D12A00D791DA /* Build configuration list for PBXNativeTarget "FirstStrideUITests" */ = {
			isa = XCConfigurationList;
			buildConfigurations = (
				052214CA2E85D12A00D791DA /* Debug */,
				052214CB2E85D12A00D791DA /* Release */,
			);
			defaultConfigurationIsVisible = 0;
			defaultConfigurationName = Release;
		};
/* End XCConfigurationList section */

/* Begin XCRemoteSwiftPackageReference section */
		05D5FD372E85D62A007C915B /* XCRemoteSwiftPackageReference "firebase-ios-sdk" */ = {
			isa = XCRemoteSwiftPackageReference;
			repositoryURL = "https://github.com/firebase/firebase-ios-sdk";
			requirement = {
				kind = upToNextMajorVersion;
				minimumVersion = 12.3.0;
			};
		};
/* End XCRemoteSwiftPackageReference section */

/* Begin XCSwiftPackageProductDependency section */
		05D5FD382E85D62A007C915B /* FirebaseAnalytics */ = {
			isa = XCSwiftPackageProductDependency;
			package = 05D5FD372E85D62A007C915B /* XCRemoteSwiftPackageReference "firebase-ios-sdk" */;
			productName = FirebaseAnalytics;
		};
		05D5FD3A2E85D62A007C915B /* FirebaseAuth */ = {
			isa = XCSwiftPackageProductDependency;
			package = 05D5FD372E85D62A007C915B /* XCRemoteSwiftPackageReference "firebase-ios-sdk" */;
			productName = FirebaseAuth;
		};
		05FD85B52E85E3F80055CAC7 /* FirebaseFirestore */ = {
			isa = XCSwiftPackageProductDependency;
			package = 05D5FD372E85D62A007C915B /* XCRemoteSwiftPackageReference "firebase-ios-sdk" */;
			productName = FirebaseFirestore;
		};
		05FD85B72E85E4700055CAC7 /* FirebaseFirestoreCombine-Community */ = {
			isa = XCSwiftPackageProductDependency;
			package = 05D5FD372E85D62A007C915B /* XCRemoteSwiftPackageReference "firebase-ios-sdk" */;
			productName = "FirebaseFirestoreCombine-Community";
		};
		90222DD82EDA737200F5F2F2 /* FirebaseStorage */ = {
			isa = XCSwiftPackageProductDependency;
			package = 05D5FD372E85D62A007C915B /* XCRemoteSwiftPackageReference "firebase-ios-sdk" */;
			productName = FirebaseStorage;
		};
/* End XCSwiftPackageProductDependency section */
	};
	rootObject = 052214942E85D12900D791DA /* Project object */;
}
